
Microsoft Visual Studio Solution File, Format Version 11.00
# Visual Studio 2010
Project("{FAE04EC0-301F-11D3-BF4B-00C04F79EFBC}") = "MVC3Application", "MVC3Application\MVC3Application.csproj", "{AFD8FED5-CAA3-4251-A5BA-8E1822EF2630}"
EndProject
Global
	GlobalSection(SolutionConfigurationPlatforms) = preSolution
		Debug|Any CPU = Debug|Any CPU
		Release|Any CPU = Release|Any CPU
	EndGlobalSection
	GlobalSection(ProjectConfigurationPlatforms) = postSolution
		{AFD8FED5-CAA3-4251-A5BA-8E1822EF2630}.Debug|Any CPU.ActiveCfg = Debug|Any CPU
		{AFD8FED5-CAA3-4251-A5BA-8E1822EF2630}.Debug|Any CPU.Build.0 = Debug|Any CPU
		{AFD8FED5-CAA3-4251-A5BA-8E1822EF2630}.Release|Any CPU.ActiveCfg = Release|Any CPU
		{AFD8FED5-CAA3-4251-A5BA-8E1822EF2630}.Release|Any CPU.Build.0 = Release|Any CPU
	EndGlobalSection
	GlobalSection(SolutionProperties) = preSolution
		HideSolutionNode = FALSE
	EndGlobalSection
EndGlobal
